# Generated by pub
# See http://pub.dartlang.org/doc/glossary.html#lockfile
packages:
  analyzer:
    description: analyzer
    source: hosted
    version: "0.25.2"
  ansicolor:
    description: ansicolor
    source: hosted
    version: "0.0.9"
  args:
    description: args
    source: hosted
    version: "0.13.2"
  async:
    description: async
    source: hosted
    version: "1.3.0"
  barback:
    description: barback
    source: hosted
    version: "0.15.2+6"
  browser:
    description: browser
    source: hosted
    version: "0.10.0+2"
  bwu_grinder_tasks:
    description: bwu_grinder_tasks
    source: hosted
    version: "0.1.0"
  bwu_utils:
    description: bwu_utils
    source: hosted
    version: "0.1.0"
  charcode:
    description: charcode
    source: hosted
    version: "1.1.0"
  cli_util:
    description: cli_util
    source: hosted
    version: "0.0.1+2"
  code_transformers:
    description: code_transformers
    source: hosted
    version: "0.2.9+3"
  collection:
    description: collection
    source: hosted
    version: "1.1.1"
  crypto:
    description: crypto
    source: hosted
    version: "0.9.0"
  csslib:
    description: csslib
    source: hosted
    version: "0.12.1"
  dart_style:
    description: dart_style
    source: hosted
    version: "0.1.8+2"
  glob:
    description: glob
    source: hosted
    version: "1.0.5"
  grinder:
    description: grinder
    source: hosted
    version: "0.7.2"
  html:
    description: html
    source: hosted
    version: "0.12.1+2"
  http_multi_server:
    description: http_multi_server
    source: hosted
    version: "1.3.2"
  http_parser:
    description: http_parser
    source: hosted
    version: "0.0.2+8"
  initialize:
    description: initialize
    source: hosted
    version: "0.6.1"
  intl:
    description: intl
    source: hosted
    version: "0.12.4+2"
  logging:
    description: logging
    source: hosted
    version: "0.11.1+1"
  matcher:
    description: matcher
    source: hosted
    version: "0.12.0+1"
  mime:
    description: mime
    source: hosted
    version: "0.9.3"
  mockable_filesystem:
    description: mockable_filesystem
    source: hosted
    version: "0.0.3"
  observe:
    description: observe
    source: hosted
    version: "0.13.1+2"
  package_config:
    description: package_config
    source: hosted
    version: "0.1.3"
  path:
    description: path
    source: hosted
    version: "1.3.6"
  petitparser:
    description: petitparser
    source: hosted
    version: "1.4.3"
  plugin:
    description: plugin
    source: hosted
    version: "0.1.0"
  polymer:
    description: polymer
    source: hosted
    version: "0.16.3+3"
  polymer_expressions:
    description: polymer_expressions
    source: hosted
    version: "0.13.1"
  polymer_interop:
    description: polymer_interop
    source: hosted
    version: "0.1.1"
  pool:
    description: pool
    source: hosted
    version: "1.1.0"
  pub_semver:
    description: pub_semver
    source: hosted
    version: "1.2.1"
  quiver:
    description: quiver
    source: hosted
    version: "0.21.4"
  quiver_log:
    description: quiver_log
    source: hosted
    version: "1.0.3"
  shelf:
    description: shelf
    source: hosted
    version: "0.6.2"
  shelf_static:
    description: shelf_static
    source: hosted
    version: "0.2.3"
  shelf_web_socket:
    description: shelf_web_socket
    source: hosted
    version: "0.0.1+2"
  smoke:
    description: smoke
    source: hosted
    version: "0.3.5"
  source_map_stack_trace:
    description: source_map_stack_trace
    source: hosted
    version: "1.0.4"
  source_maps:
    description: source_maps
    source: hosted
    version: "0.10.1"
  source_span:
    description: source_span
    source: hosted
    version: "1.1.3"
  stack_trace:
    description: stack_trace
    source: hosted
    version: "1.4.1"
  string_scanner:
    description: string_scanner
    source: hosted
    version: "0.1.3+1"
  supports_color:
    description: supports_color
    source: hosted
    version: "0.1.1"
  template_binding:
    description: template_binding
    source: hosted
    version: "0.14.0+2"
  test:
    description: test
    source: hosted
    version: "0.12.4+6"
  unscripted:
    description: unscripted
    source: hosted
    version: "0.6.2"
  utf:
    description: utf
    source: hosted
    version: "0.9.0+2"
  watcher:
    description: watcher
    source: hosted
    version: "0.9.7"
  web_components:
    description: web_components
    source: hosted
    version: "0.11.4+2"
  when:
    description: when
    source: hosted
    version: "0.2.0"
  which:
    description: which
    source: hosted
    version: "0.1.3"
  yaml:
    description: yaml
    source: hosted
    version: "2.1.3"
